// !$*UTF8*$!
{
	archiveVersion = 1;
	classes = {
	};
	objectVersion = 56;
	objects = {

/* Begin PBXBuildFile section */
		380AA53E2B101D7900FDD57C /* logo.png in Resources */ = {isa = PBXBuildFile; fileRef = 380AA53D2B101D7900FDD57C /* logo.png */; };
		384E9C1F2AC4B1E700E7BE0E /* SkipperApp.swift in Sources */ = {isa = PBXBuildFile; fileRef = 384E9C1E2AC4B1E700E7BE0E /* SkipperApp.swift */; };
		384E9C212AC4B1E700E7BE0E /* ContentView.swift in Sources */ = {isa = PBXBuildFile; fileRef = 384E9C202AC4B1E700E7BE0E /* ContentView.swift */; };
		384E9C232AC4B1E900E7BE0E /* Assets.xcassets in Resources */ = {isa = PBXBuildFile; fileRef = 384E9C222AC4B1E900E7BE0E /* Assets.xcassets */; };
		384E9C272AC4B1E900E7BE0E /* Preview Assets.xcassets in Resources */ = {isa = PBXBuildFile; fileRef = 384E9C262AC4B1E900E7BE0E /* Preview Assets.xcassets */; };
		384E9C302AC4B51C00E7BE0E /* Theme.swift in Sources */ = {isa = PBXBuildFile; fileRef = 384E9C2F2AC4B51C00E7BE0E /* Theme.swift */; };
		384E9C322AC4B56A00E7BE0E /* Skip.swift in Sources */ = {isa = PBXBuildFile; fileRef = 384E9C312AC4B56A00E7BE0E /* Skip.swift */; };
		384E9C342AC4B7CD00E7BE0E /* CardView.swift in Sources */ = {isa = PBXBuildFile; fileRef = 384E9C332AC4B7CD00E7BE0E /* CardView.swift */; };
		384E9C362AC5336400E7BE0E /* SkipsView.swift in Sources */ = {isa = PBXBuildFile; fileRef = 384E9C352AC5336400E7BE0E /* SkipsView.swift */; };
		3852AC462AEAFC1A007CE9B8 /* NewSkipView.swift in Sources */ = {isa = PBXBuildFile; fileRef = 3852AC452AEAFC1A007CE9B8 /* NewSkipView.swift */; };
		38550B462AD3AC1600473BD2 /* Picture.swift in Sources */ = {isa = PBXBuildFile; fileRef = 38550B452AD3AC1600473BD2 /* Picture.swift */; };
		38550B482AD3BFA000473BD2 /* ThemeView.swift in Sources */ = {isa = PBXBuildFile; fileRef = 38550B472AD3BFA000473BD2 /* ThemeView.swift */; };
		38550B4A2AD3C09500473BD2 /* ThemePicker.swift in Sources */ = {isa = PBXBuildFile; fileRef = 38550B492AD3C09500473BD2 /* ThemePicker.swift */; };
		385F5AD22ACF3BB9001497DF /* DetailEditView.swift in Sources */ = {isa = PBXBuildFile; fileRef = 385F5AD12ACF3BB9001497DF /* DetailEditView.swift */; };
		385F5AD82AD09521001497DF /* stonePic.webp in Resources */ = {isa = PBXBuildFile; fileRef = 385F5AD72AD09521001497DF /* stonePic.webp */; };
		38B5F9182AC544930009E2AB /* Assets.xcassets in Resources */ = {isa = PBXBuildFile; fileRef = 38B5F9172AC544930009E2AB /* Assets.xcassets */; };
		38B5F91B2AC5E4A70009E2AB /* DetailView.swift in Sources */ = {isa = PBXBuildFile; fileRef = 38B5F91A2AC5E4A70009E2AB /* DetailView.swift */; };
		38CDFFF02ADCEEA1001CE025 /* Picture2.swift in Sources */ = {isa = PBXBuildFile; fileRef = 38CDFFEF2ADCEEA1001CE025 /* Picture2.swift */; };
/* End PBXBuildFile section */

/* Begin PBXFileReference section */
		380AA53D2B101D7900FDD57C /* logo.png */ = {isa = PBXFileReference; lastKnownFileType = image.png; name = logo.png; path = Skipper/logo.png; sourceTree = "<group>"; };
		384E9C1B2AC4B1E700E7BE0E /* Skipper.app */ = {isa = PBXFileReference; explicitFileType = wrapper.application; includeInIndex = 0; path = Skipper.app; sourceTree = BUILT_PRODUCTS_DIR; };
		384E9C1E2AC4B1E700E7BE0E /* SkipperApp.swift */ = {isa = PBXFileReference; lastKnownFileType = sourcecode.swift; path = SkipperApp.swift; sourceTree = "<group>"; };
		384E9C202AC4B1E700E7BE0E /* ContentView.swift */ = {isa = PBXFileReference; lastKnownFileType = sourcecode.swift; path = ContentView.swift; sourceTree = "<group>"; };
		384E9C222AC4B1E900E7BE0E /* Assets.xcassets */ = {isa = PBXFileReference; lastKnownFileType = folder.assetcatalog; path = Assets.xcassets; sourceTree = "<group>"; };
		384E9C242AC4B1E900E7BE0E /* Skipper.entitlements */ = {isa = PBXFileReference; lastKnownFileType = text.plist.entitlements; path = Skipper.entitlements; sourceTree = "<group>"; };
		384E9C262AC4B1E900E7BE0E /* Preview Assets.xcassets */ = {isa = PBXFileReference; lastKnownFileType = folder.assetcatalog; path = "Preview Assets.xcassets"; sourceTree = "<group>"; };
		384E9C2F2AC4B51C00E7BE0E /* Theme.swift */ = {isa = PBXFileReference; lastKnownFileType = sourcecode.swift; path = Theme.swift; sourceTree = "<group>"; };
		384E9C312AC4B56A00E7BE0E /* Skip.swift */ = {isa = PBXFileReference; lastKnownFileType = sourcecode.swift; path = Skip.swift; sourceTree = "<group>"; };
		384E9C332AC4B7CD00E7BE0E /* CardView.swift */ = {isa = PBXFileReference; lastKnownFileType = sourcecode.swift; path = CardView.swift; sourceTree = "<group>"; };
		384E9C352AC5336400E7BE0E /* SkipsView.swift */ = {isa = PBXFileReference; lastKnownFileType = sourcecode.swift; path = SkipsView.swift; sourceTree = "<group>"; };
		3852AC452AEAFC1A007CE9B8 /* NewSkipView.swift */ = {isa = PBXFileReference; lastKnownFileType = sourcecode.swift; path = NewSkipView.swift; sourceTree = "<group>"; };
		38550B452AD3AC1600473BD2 /* Picture.swift */ = {isa = PBXFileReference; lastKnownFileType = sourcecode.swift; path = Picture.swift; sourceTree = "<group>"; };
		38550B472AD3BFA000473BD2 /* ThemeView.swift */ = {isa = PBXFileReference; lastKnownFileType = sourcecode.swift; path = ThemeView.swift; sourceTree = "<group>"; };
		38550B492AD3C09500473BD2 /* ThemePicker.swift */ = {isa = PBXFileReference; lastKnownFileType = sourcecode.swift; path = ThemePicker.swift; sourceTree = "<group>"; };
		385F5AD12ACF3BB9001497DF /* DetailEditView.swift */ = {isa = PBXFileReference; lastKnownFileType = sourcecode.swift; path = DetailEditView.swift; sourceTree = "<group>"; };
		385F5AD72AD09521001497DF /* stonePic.webp */ = {isa = PBXFileReference; lastKnownFileType = file; name = stonePic.webp; path = Skipper/stonePic.webp; sourceTree = "<group>"; };
		38B5F9172AC544930009E2AB /* Assets.xcassets */ = {isa = PBXFileReference; lastKnownFileType = folder.assetcatalog; name = Assets.xcassets; path = Skipper/Assets.xcassets; sourceTree = "<group>"; };
		38B5F91A2AC5E4A70009E2AB /* DetailView.swift */ = {isa = PBXFileReference; lastKnownFileType = sourcecode.swift; path = DetailView.swift; sourceTree = "<group>"; };
		38CDFFEF2ADCEEA1001CE025 /* Picture2.swift */ = {isa = PBXFileReference; lastKnownFileType = sourcecode.swift; path = Picture2.swift; sourceTree = "<group>"; };
/* End PBXFileReference section */

/* Begin PBXFrameworksBuildPhase section */
		384E9C182AC4B1E700E7BE0E /* Frameworks */ = {
			isa = PBXFrameworksBuildPhase;
			buildActionMask = 2147483647;
			files = (
			);
			runOnlyForDeploymentPostprocessing = 0;
		};
/* End PBXFrameworksBuildPhase section */

/* Begin PBXGroup section */
		384E9C122AC4B1E700E7BE0E = {
			isa = PBXGroup;
			children = (
				380AA53D2B101D7900FDD57C /* logo.png */,
				385F5AD72AD09521001497DF /* stonePic.webp */,
				38B5F9172AC544930009E2AB /* Assets.xcassets */,
				384E9C1D2AC4B1E700E7BE0E /* Skipper */,
				384E9C1C2AC4B1E700E7BE0E /* Products */,
			);
			sourceTree = "<group>";
		};
		384E9C1C2AC4B1E700E7BE0E /* Products */ = {
			isa = PBXGroup;
			children = (
				384E9C1B2AC4B1E700E7BE0E /* Skipper.app */,
			);
			name = Products;
			sourceTree = "<group>";
		};
		384E9C1D2AC4B1E700E7BE0E /* Skipper */ = {
			isa = PBXGroup;
			children = (
				384E9C2E2AC4B50300E7BE0E /* Models */,
				384E9C1E2AC4B1E700E7BE0E /* SkipperApp.swift */,
				38B5F9192AC5E48E0009E2AB /* Views */,
				384E9C222AC4B1E900E7BE0E /* Assets.xcassets */,
				384E9C242AC4B1E900E7BE0E /* Skipper.entitlements */,
				384E9C252AC4B1E900E7BE0E /* Preview Content */,
			);
			path = Skipper;
			sourceTree = "<group>";
		};
		384E9C252AC4B1E900E7BE0E /* Preview Content */ = {
			isa = PBXGroup;
			children = (
				384E9C262AC4B1E900E7BE0E /* Preview Assets.xcassets */,
			);
			path = "Preview Content";
			sourceTree = "<group>";
		};
		384E9C2E2AC4B50300E7BE0E /* Models */ = {
			isa = PBXGroup;
			children = (
				384E9C2F2AC4B51C00E7BE0E /* Theme.swift */,
				384E9C312AC4B56A00E7BE0E /* Skip.swift */,
			);
			path = Models;
			sourceTree = "<group>";
		};
		38B5F9192AC5E48E0009E2AB /* Views */ = {
			isa = PBXGroup;
			children = (
				384E9C352AC5336400E7BE0E /* SkipsView.swift */,
				384E9C332AC4B7CD00E7BE0E /* CardView.swift */,
				384E9C202AC4B1E700E7BE0E /* ContentView.swift */,
				38B5F91A2AC5E4A70009E2AB /* DetailView.swift */,
				385F5AD12ACF3BB9001497DF /* DetailEditView.swift */,
				38550B452AD3AC1600473BD2 /* Picture.swift */,
				38550B472AD3BFA000473BD2 /* ThemeView.swift */,
				38550B492AD3C09500473BD2 /* ThemePicker.swift */,
				38CDFFEF2ADCEEA1001CE025 /* Picture2.swift */,
				3852AC452AEAFC1A007CE9B8 /* NewSkipView.swift */,
			);
			path = Views;
			sourceTree = "<group>";
		};
/* End PBXGroup section */

/* Begin PBXNativeTarget section */
		384E9C1A2AC4B1E700E7BE0E /* Skipper */ = {
			isa = PBXNativeTarget;
			buildConfigurationList = 384E9C2A2AC4B1E900E7BE0E /* Build configuration list for PBXNativeTarget "Skipper" */;
			buildPhases = (
				384E9C172AC4B1E700E7BE0E /* Sources */,
				384E9C182AC4B1E700E7BE0E /* Frameworks */,
				384E9C192AC4B1E700E7BE0E /* Resources */,
			);
			buildRules = (
			);
			dependencies = (
			);
			name = Skipper;
			productName = Skipper;
			productReference = 384E9C1B2AC4B1E700E7BE0E /* Skipper.app */;
			productType = "com.apple.product-type.application";
		};
/* End PBXNativeTarget section */

/* Begin PBXProject section */
		384E9C132AC4B1E700E7BE0E /* Project object */ = {
			isa = PBXProject;
			attributes = {
				BuildIndependentTargetsInParallel = 1;
				LastSwiftUpdateCheck = 1430;
				LastUpgradeCheck = 1430;
				TargetAttributes = {
					384E9C1A2AC4B1E700E7BE0E = {
						CreatedOnToolsVersion = 14.3.1;
					};
				};
			};
			buildConfigurationList = 384E9C162AC4B1E700E7BE0E /* Build configuration list for PBXProject "Skipper" */;
			compatibilityVersion = "Xcode 14.0";
			developmentRegion = en;
			hasScannedForEncodings = 0;
			knownRegions = (
				en,
				Base,
			);
			mainGroup = 384E9C122AC4B1E700E7BE0E;
			productRefGroup = 384E9C1C2AC4B1E700E7BE0E /* Products */;
			projectDirPath = "";
			projectRoot = "";
			targets = (
				384E9C1A2AC4B1E700E7BE0E /* Skipper */,
			);
		};
/* End PBXProject section */

/* Begin PBXResourcesBuildPhase section */
		384E9C192AC4B1E700E7BE0E /* Resources */ = {
			isa = PBXResourcesBuildPhase;
			buildActionMask = 2147483647;
			files = (
				384E9C272AC4B1E900E7BE0E /* Preview Assets.xcassets in Resources */,
				380AA53E2B101D7900FDD57C /* logo.png in Resources */,
				38B5F9182AC544930009E2AB /* Assets.xcassets in Resources */,
				385F5AD82AD09521001497DF /* stonePic.webp in Resources */,
				384E9C232AC4B1E900E7BE0E /* Assets.xcassets in Resources */,
			);
			runOnlyForDeploymentPostprocessing = 0;
		};
/* End PBXResourcesBuildPhase section */

/* Begin PBXSourcesBuildPhase section */
		384E9C172AC4B1E700E7BE0E /* Sources */ = {
			isa = PBXSourcesBuildPhase;
			buildActionMask = 2147483647;
			files = (
				38550B4A2AD3C09500473BD2 /* ThemePicker.swift in Sources */,
				38550B462AD3AC1600473BD2 /* Picture.swift in Sources */,
				384E9C322AC4B56A00E7BE0E /* Skip.swift in Sources */,
				38CDFFF02ADCEEA1001CE025 /* Picture2.swift in Sources */,
				384E9C302AC4B51C00E7BE0E /* Theme.swift in Sources */,
				384E9C212AC4B1E700E7BE0E /* ContentView.swift in Sources */,
				385F5AD22ACF3BB9001497DF /* DetailEditView.swift in Sources */,
				38B5F91B2AC5E4A70009E2AB /* DetailView.swift in Sources */,
				3852AC462AEAFC1A007CE9B8 /* NewSkipView.swift in Sources */,
				384E9C362AC5336400E7BE0E /* SkipsView.swift in Sources */,
				384E9C1F2AC4B1E700E7BE0E /* SkipperApp.swift in Sources */,
				38550B482AD3BFA000473BD2 /* ThemeView.swift in Sources */,
				384E9C342AC4B7CD00E7BE0E /* CardView.swift in Sources */,
			);
			runOnlyForDeploymentPostprocessing = 0;
		};
/* End PBXSourcesBuildPhase section */

/* Begin XCBuildConfiguration section */
		384E9C282AC4B1E900E7BE0E /* Debug */ = {
			isa = XCBuildConfiguration;
			buildSettings = {
				ALWAYS_SEARCH_USER_PATHS = NO;
				CLANG_ANALYZER_NONNULL = YES;
				CLANG_ANALYZER_NUMBER_OBJECT_CONVERSION = YES_AGGRESSIVE;
				CLANG_CXX_LANGUAGE_STANDARD = "gnu++20";
				CLANG_ENABLE_MODULES = YES;
				CLANG_ENABLE_OBJC_ARC = YES;
				CLANG_ENABLE_OBJC_WEAK = YES;
				CLANG_WARN_BLOCK_CAPTURE_AUTORELEASING = YES;
				CLANG_WARN_BOOL_CONVERSION = YES;
				CLANG_WARN_COMMA = YES;
				CLANG_WARN_CONSTANT_CONVERSION = YES;
				CLANG_WARN_DEPRECATED_OBJC_IMPLEMENTATIONS = YES;
				CLANG_WARN_DIRECT_OBJC_ISA_USAGE = YES_ERROR;
				CLANG_WARN_DOCUMENTATION_COMMENTS = YES;
				CLANG_WARN_EMPTY_BODY = YES;
				CLANG_WARN_ENUM_CONVERSION = YES;
				CLANG_WARN_INFINITE_RECURSION = YES;
				CLANG_WARN_INT_CONVERSION = YES;
				CLANG_WARN_NON_LITERAL_NULL_CONVERSION = YES;
				CLANG_WARN_OBJC_IMPLICIT_RETAIN_SELF = YES;
				CLANG_WARN_OBJC_LITERAL_CONVERSION = YES;
				CLANG_WARN_OBJC_ROOT_CLASS = YES_ERROR;
				CLANG_WARN_QUOTED_INCLUDE_IN_FRAMEWORK_HEADER = YES;
				CLANG_WARN_RANGE_LOOP_ANALYSIS = YES;
				CLANG_WARN_STRICT_PROTOTYPES = YES;
				CLANG_WARN_SUSPICIOUS_MOVE = YES;
				CLANG_WARN_UNGUARDED_AVAILABILITY = YES_AGGRESSIVE;
				CLANG_WARN_UNREACHABLE_CODE = YES;
				CLANG_WARN__DUPLICATE_METHOD_MATCH = YES;
				COPY_PHASE_STRIP = NO;
				DEBUG_INFORMATION_FORMAT = dwarf;
				ENABLE_STRICT_OBJC_MSGSEND = YES;
				ENABLE_TESTABILITY = YES;
				GCC_C_LANGUAGE_STANDARD = gnu11;
				GCC_DYNAMIC_NO_PIC = NO;
				GCC_NO_COMMON_BLOCKS = YES;
				GCC_OPTIMIZATION_LEVEL = 0;
				GCC_PREPROCESSOR_DEFINITIONS = (
					"DEBUG=1",
					"$(inherited)",
				);
				GCC_WARN_64_TO_32_BIT_CONVERSION = YES;
				GCC_WARN_ABOUT_RETURN_TYPE = YES_ERROR;
				GCC_WARN_UNDECLARED_SELECTOR = YES;
				GCC_WARN_UNINITIALIZED_AUTOS = YES_AGGRESSIVE;
				GCC_WARN_UNUSED_FUNCTION = YES;
				GCC_WARN_UNUSED_VARIABLE = YES;
				MTL_ENABLE_DEBUG_INFO = INCLUDE_SOURCE;
				MTL_FAST_MATH = YES;
				ONLY_ACTIVE_ARCH = YES;
				SWIFT_ACTIVE_COMPILATION_CONDITIONS = DEBUG;
				SWIFT_OPTIMIZATION_LEVEL = "-Onone";
			};
			name = Debug;
		};
		384E9C292AC4B1E900E7BE0E /* Release */ = {
			isa = XCBuildConfiguration;
			buildSettings = {
				ALWAYS_SEARCH_USER_PATHS = NO;
				CLANG_ANALYZER_NONNULL = YES;
				CLANG_ANALYZER_NUMBER_OBJECT_CONVERSION = YES_AGGRESSIVE;
				CLANG_CXX_LANGUAGE_STANDARD = "gnu++20";
				CLANG_ENABLE_MODULES = YES;
				CLANG_ENABLE_OBJC_ARC = YES;
				CLANG_ENABLE_OBJC_WEAK = YES;
				CLANG_WARN_BLOCK_CAPTURE_AUTORELEASING = YES;
				CLANG_WARN_BOOL_CONVERSION = YES;
				CLANG_WARN_COMMA = YES;
				CLANG_WARN_CONSTANT_CONVERSION = YES;
				CLANG_WARN_DEPRECATED_OBJC_IMPLEMENTATIONS = YES;
				CLANG_WARN_DIRECT_OBJC_ISA_USAGE = YES_ERROR;
				CLANG_WARN_DOCUMENTATION_COMMENTS = YES;
				CLANG_WARN_EMPTY_BODY = YES;
				CLANG_WARN_ENUM_CONVERSION = YES;
				CLANG_WARN_INFINITE_RECURSION = YES;
				CLANG_WARN_INT_CONVERSION = YES;
				CLANG_WARN_NON_LITERAL_NULL_CONVERSION = YES;
				CLANG_WARN_OBJC_IMPLICIT_RETAIN_SELF = YES;
				CLANG_WARN_OBJC_LITERAL_CONVERSION = YES;
				CLANG_WARN_OBJC_ROOT_CLASS = YES_ERROR;
				CLANG_WARN_QUOTED_INCLUDE_IN_FRAMEWORK_HEADER = YES;
				CLANG_WARN_RANGE_LOOP_ANALYSIS = YES;
				CLANG_WARN_STRICT_PROTOTYPES = YES;
				CLANG_WARN_SUSPICIOUS_MOVE = YES;
				CLANG_WARN_UNGUARDED_AVAILABILITY = YES_AGGRESSIVE;
				CLANG_WARN_UNREACHABLE_CODE = YES;
				CLANG_WARN__DUPLICATE_METHOD_MATCH = YES;
				COPY_PHASE_STRIP = NO;
				DEBUG_INFORMATION_FORMAT = "dwarf-with-dsym";
				ENABLE_NS_ASSERTIONS = NO;
				ENABLE_STRICT_OBJC_MSGSEND = YES;
				GCC_C_LANGUAGE_STANDARD = gnu11;
				GCC_NO_COMMON_BLOCKS = YES;
				GCC_WARN_64_TO_32_BIT_CONVERSION = YES;
				GCC_WARN_ABOUT_RETURN_TYPE = YES_ERROR;
				GCC_WARN_UNDECLARED_SELECTOR = YES;
				GCC_WARN_UNINITIALIZED_AUTOS = YES_AGGRESSIVE;
				GCC_WARN_UNUSED_FUNCTION = YES;
				GCC_WARN_UNUSED_VARIABLE = YES;
				MTL_ENABLE_DEBUG_INFO = NO;
				MTL_FAST_MATH = YES;
				SWIFT_COMPILATION_MODE = wholemodule;
				SWIFT_OPTIMIZATION_LEVEL = "-O";
			};
			name = Release;
		};
		384E9C2B2AC4B1E900E7BE0E /* Debug */ = {
			isa = XCBuildConfiguration;
			buildSettings = {
				ASSETCATALOG_COMPILER_APPICON_NAME = AppIcon;
				ASSETCATALOG_COMPILER_GLOBAL_ACCENT_COLOR_NAME = AccentColor;
				CODE_SIGN_ENTITLEMENTS = Skipper/Skipper.entitlements;
				CODE_SIGN_STYLE = Automatic;
				CURRENT_PROJECT_VERSION = 1;
				DEVELOPMENT_ASSET_PATHS = "\"Skipper/Preview Content\"";
				ENABLE_PREVIEWS = YES;
				GENERATE_INFOPLIST_FILE = YES;
				"INFOPLIST_KEY_UIApplicationSceneManifest_Generation[sdk=iphoneos*]" = YES;
				"INFOPLIST_KEY_UIApplicationSceneManifest_Generation[sdk=iphonesimulator*]" = YES;
				"INFOPLIST_KEY_UIApplicationSupportsIndirectInputEvents[sdk=iphoneos*]" = YES;
				"INFOPLIST_KEY_UIApplicationSupportsIndirectInputEvents[sdk=iphonesimulator*]" = YES;
				"INFOPLIST_KEY_UILaunchScreen_Generation[sdk=iphoneos*]" = YES;
				"INFOPLIST_KEY_UILaunchScreen_Generation[sdk=iphonesimulator*]" = YES;
				"INFOPLIST_KEY_UIStatusBarStyle[sdk=iphoneos*]" = UIStatusBarStyleDefault;
				"INFOPLIST_KEY_UIStatusBarStyle[sdk=iphonesimulator*]" = UIStatusBarStyleDefault;
				INFOPLIST_KEY_UISupportedInterfaceOrientations_iPad = "UIInterfaceOrientationPortrait UIInterfaceOrientationPortraitUpsideDown UIInterfaceOrientationLandscapeLeft UIInterfaceOrientationLandscapeRight";
				INFOPLIST_KEY_UISupportedInterfaceOrientations_iPhone = "UIInterfaceOrientationPortrait UIInterfaceOrientationLandscapeLeft UIInterfaceOrientationLandscapeRight";
				IPHONEOS_DEPLOYMENT_TARGET = 16.4;
				LD_RUNPATH_SEARCH_PATHS = "@executable_path/Frameworks";
				"LD_RUNPATH_SEARCH_PATHS[sdk=macosx*]" = "@executable_path/../Frameworks";
				MACOSX_DEPLOYMENT_TARGET = 13.3;
				MARKETING_VERSION = 1.0;
				PRODUCT_BUNDLE_IDENTIFIER = com.example.Skipper;
				PRODUCT_NAME = "$(TARGET_NAME)";
				SDKROOT = auto;
				SUPPORTED_PLATFORMS = "iphoneos iphonesimulator";
				SUPPORTS_MACCATALYST = NO;
				SWIFT_EMIT_LOC_STRINGS = YES;
				SWIFT_VERSION = 5.0;
				TARGETED_DEVICE_FAMILY = "1,2";
			};
			name = Debug;
		};
		384E9C2C2AC4B1E900E7BE0E /* Release */ = {
			isa = XCBuildConfiguration;
			buildSettings = {
				ASSETCATALOG_COMPILER_APPICON_NAME = AppIcon;
				ASSETCATALOG_COMPILER_GLOBAL_ACCENT_COLOR_NAME = AccentColor;
				CODE_SIGN_ENTITLEMENTS = Skipper/Skipper.entitlements;
				CODE_SIGN_STYLE = Automatic;
				CURRENT_PROJECT_VERSION = 1;
				DEVELOPMENT_ASSET_PATHS = "\"Skipper/Preview Content\"";
				ENABLE_PREVIEWS = YES;
				GENERATE_INFOPLIST_FILE = YES;
				"INFOPLIST_KEY_UIApplicationSceneManifest_Generation[sdk=iphoneos*]" = YES;
				"INFOPLIST_KEY_UIApplicationSceneManifest_Generation[sdk=iphonesimulator*]" = YES;
				"INFOPLIST_KEY_UIApplicationSupportsIndirectInputEvents[sdk=iphoneos*]" = YES;
				"INFOPLIST_KEY_UIApplicationSupportsIndirectInputEvents[sdk=iphonesimulator*]" = YES;
				"INFOPLIST_KEY_UILaunchScreen_Generation[sdk=iphoneos*]" = YES;
				"INFOPLIST_KEY_UILaunchScreen_Generation[sdk=iphonesimulator*]" = YES;
				"INFOPLIST_KEY_UIStatusBarStyle[sdk=iphoneos*]" = UIStatusBarStyleDefault;
				"INFOPLIST_KEY_UIStatusBarStyle[sdk=iphonesimulator*]" = UIStatusBarStyleDefault;
				INFOPLIST_KEY_UISupportedInterfaceOrientations_iPad = "UIInterfaceOrientationPortrait UIInterfaceOrientationPortraitUpsideDown UIInterfaceOrientationLandscapeLeft UIInterfaceOrientationLandscapeRight";
				INFOPLIST_KEY_UISupportedInterfaceOrientations_iPhone = "UIInterfaceOrientationPortrait UIInterfaceOrientationLandscapeLeft UIInterfaceOrientationLandscapeRight";
				IPHONEOS_DEPLOYMENT_TARGET = 16.4;
				LD_RUNPATH_SEARCH_PATHS = "@executable_path/Frameworks";
				"LD_RUNPATH_SEARCH_PATHS[sdk=macosx*]" = "@executable_path/../Frameworks";
				MACOSX_DEPLOYMENT_TARGET = 13.3;
				MARKETING_VERSION = 1.0;
				PRODUCT_BUNDLE_IDENTIFIER = com.example.Skipper;
				PRODUCT_NAME = "$(TARGET_NAME)";
				SDKROOT = auto;
				SUPPORTED_PLATFORMS = "iphoneos iphonesimulator";
				SUPPORTS_MACCATALYST = NO;
				SWIFT_EMIT_LOC_STRINGS = YES;
				SWIFT_VERSION = 5.0;
				TARGETED_DEVICE_FAMILY = "1,2";
			};
			name = Release;
		};
/* End XCBuildConfiguration section */

/* Begin XCConfigurationList section */
		384E9C162AC4B1E700E7BE0E /* Build configuration list for PBXProject "Skipper" */ = {
			isa = XCConfigurationList;
			buildConfigurations = (
				384E9C282AC4B1E900E7BE0E /* Debug */,
				384E9C292AC4B1E900E7BE0E /* Release */,
			);
			defaultConfigurationIsVisible = 0;
			defaultConfigurationName = Release;
		};
		384E9C2A2AC4B1E900E7BE0E /* Build configuration list for PBXNativeTarget "Skipper" */ = {
			isa = XCConfigurationList;
			buildConfigurations = (
				384E9C2B2AC4B1E900E7BE0E /* Debug */,
				384E9C2C2AC4B1E900E7BE0E /* Release */,
			);
			defaultConfigurationIsVisible = 0;
			defaultConfigurationName = Release;
		};
/* End XCConfigurationList section */
	};
	rootObject = 384E9C132AC4B1E700E7BE0E /* Project object */;
}
